// !$*UTF8*$!
{
	archiveVersion = 1;
	classes = {
	};
	objectVersion = 46;
	objects = {

/* Begin PBXBuildFile section */
		3EB022EA1F2CDAB800D21646 /* AppDelegate.swift in Sources */ = {isa = PBXBuildFile; fileRef = 3EB022E91F2CDAB800D21646 /* AppDelegate.swift */; };
		3EB022EC1F2CDAB800D21646 /* ViewController.swift in Sources */ = {isa = PBXBuildFile; fileRef = 3EB022EB1F2CDAB800D21646 /* ViewController.swift */; };
		3EB022EF1F2CDAB800D21646 /* Main.storyboard in Resources */ = {isa = PBXBuildFile; fileRef = 3EB022ED1F2CDAB800D21646 /* Main.storyboard */; };
		3EB022F11F2CDAB800D21646 /* Assets.xcassets in Resources */ = {isa = PBXBuildFile; fileRef = 3EB022F01F2CDAB800D21646 /* Assets.xcassets */; };
		3EB022F41F2CDAB800D21646 /* LaunchScreen.storyboard in Resources */ = {isa = PBXBuildFile; fileRef = 3EB022F21F2CDAB800D21646 /* LaunchScreen.storyboard */; };
		3EB022FF1F2CDAB800D21646 /* CoolPillsTests.swift in Sources */ = {isa = PBXBuildFile; fileRef = 3EB022FE1F2CDAB800D21646 /* CoolPillsTests.swift */; };
		3EB0230A1F2CDAB800D21646 /* CoolPillsUITests.swift in Sources */ = {isa = PBXBuildFile; fileRef = 3EB023091F2CDAB800D21646 /* CoolPillsUITests.swift */; };
/* End PBXBuildFile section */

/* Begin PBXContainerItemProxy section */
		3EB022FB1F2CDAB800D21646 /* PBXContainerItemProxy */ = {
			isa = PBXContainerItemProxy;
			containerPortal = 3EB022DE1F2CDAB800D21646 /* Project object */;
			proxyType = 1;
			remoteGlobalIDString = 3EB022E51F2CDAB800D21646;
			remoteInfo = CoolPills;
		};
		3EB023061F2CDAB800D21646 /* PBXContainerItemProxy */ = {
			isa = PBXContainerItemProxy;
			containerPortal = 3EB022DE1F2CDAB800D21646 /* Project object */;
			proxyType = 1;
			remoteGlobalIDString = 3EB022E51F2CDAB800D21646;
			remoteInfo = CoolPills;
		};
/* End PBXContainerItemProxy section */

/* Begin PBXFileReference section */
		3EB022E61F2CDAB800D21646 /* CoolPills.app */ = {isa = PBXFileReference; explicitFileType = wrapper.application; includeInIndex = 0; path = CoolPills.app; sourceTree = BUILT_PRODUCTS_DIR; };
		3EB022E91F2CDAB800D21646 /* AppDelegate.swift */ = {isa = PBXFileReference; lastKnownFileType = sourcecode.swift; path = AppDelegate.swift; sourceTree = "<group>"; };
		3EB022EB1F2CDAB800D21646 /* ViewController.swift */ = {isa = PBXFileReference; lastKnownFileType = sourcecode.swift; path = ViewController.swift; sourceTree = "<group>"; };
		3EB022EE1F2CDAB800D21646 /* Base */ = {isa = PBXFileReference; lastKnownFileType = file.storyboard; name = Base; path = Base.lproj/Main.storyboard; sourceTree = "<group>"; };
		3EB022F01F2CDAB800D21646 /* Assets.xcassets */ = {isa = PBXFileReference; lastKnownFileType = folder.assetcatalog; path = Assets.xcassets; sourceTree = "<group>"; };
		3EB022F31F2CDAB800D21646 /* Base */ = {isa = PBXFileReference; lastKnownFileType = file.storyboard; name = Base; path = Base.lproj/LaunchScreen.storyboard; sourceTree = "<group>"; };
		3EB022F51F2CDAB800D21646 /* Info.plist */ = {isa = PBXFileReference; lastKnownFileType = text.plist.xml; path = Info.plist; sourceTree = "<group>"; };
		3EB022FA1F2CDAB800D21646 /* CoolPillsTests.xctest */ = {isa = PBXFileReference; explicitFileType = wrapper.cfbundle; includeInIndex = 0; path = CoolPillsTests.xctest; sourceTree = BUILT_PRODUCTS_DIR; };
		3EB022FE1F2CDAB800D21646 /* CoolPillsTests.swift */ = {isa = PBXFileReference; lastKnownFileType = sourcecode.swift; path = CoolPillsTests.swift; sourceTree = "<group>"; };
		3EB023001F2CDAB800D21646 /* Info.plist */ = {isa = PBXFileReference; lastKnownFileType = text.plist.xml; path = Info.plist; sourceTree = "<group>"; };
		3EB023051F2CDAB800D21646 /* CoolPillsUITests.xctest */ = {isa = PBXFileReference; explicitFileType = wrapper.cfbundle; includeInIndex = 0; path = CoolPillsUITests.xctest; sourceTree = BUILT_PRODUCTS_DIR; };
		3EB023091F2CDAB800D21646 /* CoolPillsUITests.swift */ = {isa = PBXFileReference; lastKnownFileType = sourcecode.swift; path = CoolPillsUITests.swift; sourceTree = "<group>"; };
		3EB0230B1F2CDAB800D21646 /* Info.plist */ = {isa = PBXFileReference; lastKnownFileType = text.plist.xml; path = Info.plist; sourceTree = "<group>"; };
/* End PBXFileReference section */

/* Begin PBXFrameworksBuildPhase section */
		3EB022E31F2CDAB800D21646 /* Frameworks */ = {
			isa = PBXFrameworksBuildPhase;
			buildActionMask = 2147483647;
			files = (
			);
			runOnlyForDeploymentPostprocessing = 0;
		};
		3EB022F71F2CDAB800D21646 /* Frameworks */ = {
			isa = PBXFrameworksBuildPhase;
			buildActionMask = 2147483647;
			files = (
			);
			runOnlyForDeploymentPostprocessing = 0;
		};
		3EB023021F2CDAB800D21646 /* Frameworks */ = {
			isa = PBXFrameworksBuildPhase;
			buildActionMask = 2147483647;
			files = (
			);
			runOnlyForDeploymentPostprocessing = 0;
		};
/* End PBXFrameworksBuildPhase section */

/* Begin PBXGroup section */
		3EB022DD1F2CDAB800D21646 = {
			isa = PBXGroup;
			children = (
				3EB022E81F2CDAB800D21646 /* CoolPills */,
				3EB022FD1F2CDAB800D21646 /* CoolPillsTests */,
				3EB023081F2CDAB800D21646 /* CoolPillsUITests */,
				3EB022E71F2CDAB800D21646 /* Products */,
			);
			sourceTree = "<group>";
		};
		3EB022E71F2CDAB800D21646 /* Products */ = {
			isa = PBXGroup;
			children = (
				3EB022E61F2CDAB800D21646 /* CoolPills.app */,
				3EB022FA1F2CDAB800D21646 /* CoolPillsTests.xctest */,
				3EB023051F2CDAB800D21646 /* CoolPillsUITests.xctest */,
			);
			name = Products;
			sourceTree = "<group>";
		};
		3EB022E81F2CDAB800D21646 /* CoolPills */ = {
			isa = PBXGroup;
			children = (
				3EB022E91F2CDAB800D21646 /* AppDelegate.swift */,
				3EB022EB1F2CDAB800D21646 /* ViewController.swift */,
				3EB022ED1F2CDAB800D21646 /* Main.storyboard */,
				3EB022F01F2CDAB800D21646 /* Assets.xcassets */,
				3EB022F21F2CDAB800D21646 /* LaunchScreen.storyboard */,
				3EB022F51F2CDAB800D21646 /* Info.plist */,
			);
			path = CoolPills;
			sourceTree = "<group>";
		};
		3EB022FD1F2CDAB800D21646 /* CoolPillsTests */ = {
			isa = PBXGroup;
			children = (
				3EB022FE1F2CDAB800D21646 /* CoolPillsTests.swift */,
				3EB023001F2CDAB800D21646 /* Info.plist */,
			);
			path = CoolPillsTests;
			sourceTree = "<group>";
		};
		3EB023081F2CDAB800D21646 /* CoolPillsUITests */ = {
			isa = PBXGroup;
			children = (
				3EB023091F2CDAB800D21646 /* CoolPillsUITests.swift */,
				3EB0230B1F2CDAB800D21646 /* Info.plist */,
			);
			path = CoolPillsUITests;
			sourceTree = "<group>";
		};
/* End PBXGroup section */

/* Begin PBXNativeTarget section */
		3EB022E51F2CDAB800D21646 /* CoolPills */ = {
			isa = PBXNativeTarget;
			buildConfigurationList = 3EB0230E1F2CDAB800D21646 /* Build configuration list for PBXNativeTarget "CoolPills" */;
			buildPhases = (
				3EB022E21F2CDAB800D21646 /* Sources */,
				3EB022E31F2CDAB800D21646 /* Frameworks */,
				3EB022E41F2CDAB800D21646 /* Resources */,
			);
			buildRules = (
			);
			dependencies = (
			);
			name = CoolPills;
			productName = CoolPills;
			productReference = 3EB022E61F2CDAB800D21646 /* CoolPills.app */;
			productType = "com.apple.product-type.application";
		};
		3EB022F91F2CDAB800D21646 /* CoolPillsTests */ = {
			isa = PBXNativeTarget;
			buildConfigurationList = 3EB023111F2CDAB800D21646 /* Build configuration list for PBXNativeTarget "CoolPillsTests" */;
			buildPhases = (
				3EB022F61F2CDAB800D21646 /* Sources */,
				3EB022F71F2CDAB800D21646 /* Frameworks */,
				3EB022F81F2CDAB800D21646 /* Resources */,
			);
			buildRules = (
			);
			dependencies = (
				3EB022FC1F2CDAB800D21646 /* PBXTargetDependency */,
			);
			name = CoolPillsTests;
			productName = CoolPillsTests;
			productReference = 3EB022FA1F2CDAB800D21646 /* CoolPillsTests.xctest */;
			productType = "com.apple.product-type.bundle.unit-test";
		};
		3EB023041F2CDAB800D21646 /* CoolPillsUITests */ = {
			isa = PBXNativeTarget;
			buildConfigurationList = 3EB023141F2CDAB800D21646 /* Build configuration list for PBXNativeTarget "CoolPillsUITests" */;
			buildPhases = (
				3EB023011F2CDAB800D21646 /* Sources */,
				3EB023021F2CDAB800D21646 /* Frameworks */,
				3EB023031F2CDAB800D21646 /* Resources */,
			);
			buildRules = (
			);
			dependencies = (
				3EB023071F2CDAB800D21646 /* PBXTargetDependency */,
			);
			name = CoolPillsUITests;
			productName = CoolPillsUITests;
			productReference = 3EB023051F2CDAB800D21646 /* CoolPillsUITests.xctest */;
			productType = "com.apple.product-type.bundle.ui-testing";
		};
/* End PBXNativeTarget section */

/* Begin PBXProject section */
		3EB022DE1F2CDAB800D21646 /* Project object */ = {
			isa = PBXProject;
			attributes = {
				LastSwiftUpdateCheck = 0830;
				LastUpgradeCheck = 0830;
				ORGANIZATIONNAME = "Jay Hall";
				TargetAttributes = {
					3EB022E51F2CDAB800D21646 = {
						CreatedOnToolsVersion = 8.3.3;
						ProvisioningStyle = Automatic;
					};
					3EB022F91F2CDAB800D21646 = {
						CreatedOnToolsVersion = 8.3.3;
						ProvisioningStyle = Automatic;
						TestTargetID = 3EB022E51F2CDAB800D21646;
					};
					3EB023041F2CDAB800D21646 = {
						CreatedOnToolsVersion = 8.3.3;
						ProvisioningStyle = Automatic;
						TestTargetID = 3EB022E51F2CDAB800D21646;
					};
				};
			};
			buildConfigurationList = 3EB022E11F2CDAB800D21646 /* Build configuration list for PBXProject "CoolPills" */;
			compatibilityVersion = "Xcode 3.2";
			developmentRegion = English;
			hasScannedForEncodings = 0;
			knownRegions = (
				en,
				Base,
			);
			mainGroup = 3EB022DD1F2CDAB800D21646;
			productRefGroup = 3EB022E71F2CDAB800D21646 /* Products */;
			projectDirPath = "";
			projectRoot = "";
			targets = (
				3EB022E51F2CDAB800D21646 /* CoolPills */,
				3EB022F91F2CDAB800D21646 /* CoolPillsTests */,
				3EB023041F2CDAB800D21646 /* CoolPillsUITests */,
			);
		};
/* End PBXProject section */

/* Begin PBXResourcesBuildPhase section */
		3EB022E41F2CDAB800D21646 /* Resources */ = {
			isa = PBXResourcesBuildPhase;
			buildActionMask = 2147483647;
			files = (
				3EB022F41F2CDAB800D21646 /* LaunchScreen.storyboard in Resources */,
				3EB022F11F2CDAB800D21646 /* Assets.xcassets in Resources */,
				3EB022EF1F2CDAB800D21646 /* Main.storyboard in Resources */,
			);
			runOnlyForDeploymentPostprocessing = 0;
		};
		3EB022F81F2CDAB800D21646 /* Resources */ = {
			isa = PBXResourcesBuildPhase;
			buildActionMask = 2147483647;
			files = (
			);
			runOnlyForDeploymentPostprocessing = 0;
		};
		3EB023031F2CDAB800D21646 /* Resources */ = {
			isa = PBXResourcesBuildPhase;
			buildActionMask = 2147483647;
			files = (
			);
			runOnlyForDeploymentPostprocessing = 0;
		};
/* End PBXResourcesBuildPhase section */

/* Begin PBXSourcesBuildPhase section */
		3EB022E21F2CDAB800D21646 /* Sources */ = {
			isa = PBXSourcesBuildPhase;
			buildActionMask = 2147483647;
			files = (
				3EB022EC1F2CDAB800D21646 /* ViewController.swift in Sources */,
				3EB022EA1F2CDAB800D21646 /* AppDelegate.swift in Sources */,
			);
			runOnlyForDeploymentPostprocessing = 0;
		};
		3EB022F61F2CDAB800D21646 /* Sources */ = {
			isa = PBXSourcesBuildPhase;
			buildActionMask = 2147483647;
			files = (
				3EB022FF1F2CDAB800D21646 /* CoolPillsTests.swift in Sources */,
			);
			runOnlyForDeploymentPostprocessing = 0;
		};
		3EB023011F2CDAB800D21646 /* Sources */ = {
			isa = PBXSourcesBuildPhase;
			buildActionMask = 2147483647;
			files = (
				3EB0230A1F2CDAB800D21646 /* CoolPillsUITests.swift in Sources */,
			);
			runOnlyForDeploymentPostprocessing = 0;
		};
/* End PBXSourcesBuildPhase section */

/* Begin PBXTargetDependency section */
		3EB022FC1F2CDAB800D21646 /* PBXTargetDependency */ = {
			isa = PBXTargetDependency;
			target = 3EB022E51F2CDAB800D21646 /* CoolPills */;
			targetProxy = 3EB022FB1F2CDAB800D21646 /* PBXContainerItemProxy */;
		};
		3EB023071F2CDAB800D21646 /* PBXTargetDependency */ = {
			isa = PBXTargetDependency;
			target = 3EB022E51F2CDAB800D21646 /* CoolPills */;
			targetProxy = 3EB023061F2CDAB800D21646 /* PBXContainerItemProxy */;
		};
/* End PBXTargetDependency section */

/* Begin PBXVariantGroup section */
		3EB022ED1F2CDAB800D21646 /* Main.storyboard */ = {
			isa = PBXVariantGroup;
			children = (
				3EB022EE1F2CDAB800D21646 /* Base */,
			);
			name = Main.storyboard;
			sourceTree = "<group>";
		};
		3EB022F21F2CDAB800D21646 /* LaunchScreen.storyboard */ = {
			isa = PBXVariantGroup;
			children = (
				3EB022F31F2CDAB800D21646 /* Base */,
			);
			name = LaunchScreen.storyboard;
			sourceTree = "<group>";
		};
/* End PBXVariantGroup section */

/* Begin XCBuildConfiguration section */
		3EB0230C1F2CDAB800D21646 /* Debug */ = {
			isa = XCBuildConfiguration;
			buildSettings = {
				ALWAYS_SEARCH_USER_PATHS = NO;
				CLANG_ANALYZER_NONNULL = YES;
				CLANG_ANALYZER_NUMBER_OBJECT_CONVERSION = YES_AGGRESSIVE;
				CLANG_CXX_LANGUAGE_STANDARD = "gnu++0x";
				CLANG_CXX_LIBRARY = "libc++";
				CLANG_ENABLE_MODULES = YES;
				CLANG_ENABLE_OBJC_ARC = YES;
				CLANG_WARN_BOOL_CONVERSION = YES;
				CLANG_WARN_CONSTANT_CONVERSION = YES;
				CLANG_WARN_DIRECT_OBJC_ISA_USAGE = YES_ERROR;
				CLANG_WARN_DOCUMENTATION_COMMENTS = YES;
				CLANG_WARN_EMPTY_BODY = YES;
				CLANG_WARN_ENUM_CONVERSION = YES;
				CLANG_WARN_INFINITE_RECURSION = YES;
				CLANG_WARN_INT_CONVERSION = YES;
				CLANG_WARN_OBJC_ROOT_CLASS = YES_ERROR;
				CLANG_WARN_SUSPICIOUS_MOVE = YES;
				CLANG_WARN_UNREACHABLE_CODE = YES;
				CLANG_WARN__DUPLICATE_METHOD_MATCH = YES;
				"CODE_SIGN_IDENTITY[sdk=iphoneos*]" = "iPhone Developer";
				COPY_PHASE_STRIP = NO;
				DEBUG_INFORMATION_FORMAT = dwarf;
				ENABLE_STRICT_OBJC_MSGSEND = YES;
				ENABLE_TESTABILITY = YES;
				GCC_C_LANGUAGE_STANDARD = gnu99;
				GCC_DYNAMIC_NO_PIC = NO;
				GCC_NO_COMMON_BLOCKS = YES;
				GCC_OPTIMIZATION_LEVEL = 0;
				GCC_PREPROCESSOR_DEFINITIONS = (
					"DEBUG=1",
					"$(inherited)",
				);
				GCC_WARN_64_TO_32_BIT_CONVERSION = YES;
				GCC_WARN_ABOUT_RETURN_TYPE = YES_ERROR;
				GCC_WARN_UNDECLARED_SELECTOR = YES;
				GCC_WARN_UNINITIALIZED_AUTOS = YES_AGGRESSIVE;
				GCC_WARN_UNUSED_FUNCTION = YES;
				GCC_WARN_UNUSED_VARIABLE = YES;
				IPHONEOS_DEPLOYMENT_TARGET = 10.3;
				MTL_ENABLE_DEBUG_INFO = YES;
				ONLY_ACTIVE_ARCH = YES;
				SDKROOT = iphoneos;
				SWIFT_ACTIVE_COMPILATION_CONDITIONS = DEBUG;
				SWIFT_OPTIMIZATION_LEVEL = "-Onone";
				TARGETED_DEVICE_FAMILY = "1,2";
			};
			name = Debug;
		};
		3EB0230D1F2CDAB800D21646 /* Release */ = {
			isa = XCBuildConfiguration;
			buildSettings = {
				ALWAYS_SEARCH_USER_PATHS = NO;
				CLANG_ANALYZER_NONNULL = YES;
				CLANG_ANALYZER_NUMBER_OBJECT_CONVERSION = YES_AGGRESSIVE;
				CLANG_CXX_LANGUAGE_STANDARD = "gnu++0x";
				CLANG_CXX_LIBRARY = "libc++";
				CLANG_ENABLE_MODULES = YES;
				CLANG_ENABLE_OBJC_ARC = YES;
				CLANG_WARN_BOOL_CONVERSION = YES;
				CLANG_WARN_CONSTANT_CONVERSION = YES;
				CLANG_WARN_DIRECT_OBJC_ISA_USAGE = YES_ERROR;
				CLANG_WARN_DOCUMENTATION_COMMENTS = YES;
				CLANG_WARN_EMPTY_BODY = YES;
				CLANG_WARN_ENUM_CONVERSION = YES;
				CLANG_WARN_INFINITE_RECURSION = YES;
				CLANG_WARN_INT_CONVERSION = YES;
				CLANG_WARN_OBJC_ROOT_CLASS = YES_ERROR;
				CLANG_WARN_SUSPICIOUS_MOVE = YES;
				CLANG_WARN_UNREACHABLE_CODE = YES;
				CLANG_WARN__DUPLICATE_METHOD_MATCH = YES;
				"CODE_SIGN_IDENTITY[sdk=iphoneos*]" = "iPhone Developer";
				COPY_PHASE_STRIP = NO;
				DEBUG_INFORMATION_FORMAT = "dwarf-with-dsym";
				ENABLE_NS_ASSERTIONS = NO;
				ENABLE_STRICT_OBJC_MSGSEND = YES;
				GCC_C_LANGUAGE_STANDARD = gnu99;
				GCC_NO_COMMON_BLOCKS = YES;
				GCC_WARN_64_TO_32_BIT_CONVERSION = YES;
				GCC_WARN_ABOUT_RETURN_TYPE = YES_ERROR;
				GCC_WARN_UNDECLARED_SELECTOR = YES;
				GCC_WARN_UNINITIALIZED_AUTOS = YES_AGGRESSIVE;
				GCC_WARN_UNUSED_FUNCTION = YES;
				GCC_WARN_UNUSED_VARIABLE = YES;
				IPHONEOS_DEPLOYMENT_TARGET = 10.3;
				MTL_ENABLE_DEBUG_INFO = NO;
				SDKROOT = iphoneos;
				SWIFT_OPTIMIZATION_LEVEL = "-Owholemodule";
				TARGETED_DEVICE_FAMILY = "1,2";
				VALIDATE_PRODUCT = YES;
			};
			name = Release;
		};
		3EB0230F1F2CDAB800D21646 /* Debug */ = {
			isa = XCBuildConfiguration;
			buildSettings = {
				ASSETCATALOG_COMPILER_APPICON_NAME = AppIcon;
				INFOPLIST_FILE = CoolPills/Info.plist;
				LD_RUNPATH_SEARCH_PATHS = "$(inherited) @executable_path/Frameworks";
				PRODUCT_BUNDLE_IDENTIFIER = alpacalypse.CoolPills;
				PRODUCT_NAME = "$(TARGET_NAME)";
				SWIFT_VERSION = 3.0;
			};
			name = Debug;
		};
		3EB023101F2CDAB800D21646 /* Release */ = {
			isa = XCBuildConfiguration;
			buildSettings = {
				ASSETCATALOG_COMPILER_APPICON_NAME = AppIcon;
				INFOPLIST_FILE = CoolPills/Info.plist;
				LD_RUNPATH_SEARCH_PATHS = "$(inherited) @executable_path/Frameworks";
				PRODUCT_BUNDLE_IDENTIFIER = alpacalypse.CoolPills;
				PRODUCT_NAME = "$(TARGET_NAME)";
				SWIFT_VERSION = 3.0;
			};
			name = Release;
		};
		3EB023121F2CDAB800D21646 /* Debug */ = {
			isa = XCBuildConfiguration;
			buildSettings = {
				ALWAYS_EMBED_SWIFT_STANDARD_LIBRARIES = YES;
				BUNDLE_LOADER = "$(TEST_HOST)";
				INFOPLIST_FILE = CoolPillsTests/Info.plist;
				LD_RUNPATH_SEARCH_PATHS = "$(inherited) @executable_path/Frameworks @loader_path/Frameworks";
				PRODUCT_BUNDLE_IDENTIFIER = alpacalypse.CoolPillsTests;
				PRODUCT_NAME = "$(TARGET_NAME)";
				SWIFT_VERSION = 3.0;
				TEST_HOST = "$(BUILT_PRODUCTS_DIR)/CoolPills.app/CoolPills";
			};
			name = Debug;
		};
		3EB023131F2CDAB800D21646 /* Release */ = {
			isa = XCBuildConfiguration;
			buildSettings = {
				ALWAYS_EMBED_SWIFT_STANDARD_LIBRARIES = YES;
				BUNDLE_LOADER = "$(TEST_HOST)";
				INFOPLIST_FILE = CoolPillsTests/Info.plist;
				LD_RUNPATH_SEARCH_PATHS = "$(inherited) @executable_path/Frameworks @loader_path/Frameworks";
				PRODUCT_BUNDLE_IDENTIFIER = alpacalypse.CoolPillsTests;
				PRODUCT_NAME = "$(TARGET_NAME)";
				SWIFT_VERSION = 3.0;
				TEST_HOST = "$(BUILT_PRODUCTS_DIR)/CoolPills.app/CoolPills";
			};
			name = Release;
		};
		3EB023151F2CDAB800D21646 /* Debug */ = {
			isa = XCBuildConfiguration;
			buildSettings = {
				ALWAYS_EMBED_SWIFT_STANDARD_LIBRARIES = YES;
				INFOPLIST_FILE = CoolPillsUITests/Info.plist;
				LD_RUNPATH_SEARCH_PATHS = "$(inherited) @executable_path/Frameworks @loader_path/Frameworks";
				PRODUCT_BUNDLE_IDENTIFIER = alpacalypse.CoolPillsUITests;
				PRODUCT_NAME = "$(TARGET_NAME)";
				SWIFT_VERSION = 3.0;
				TEST_TARGET_NAME = CoolPills;
			};
			name = Debug;
		};
		3EB023161F2CDAB800D21646 /* Release */ = {
			isa = XCBuildConfiguration;
			buildSettings = {
				ALWAYS_EMBED_SWIFT_STANDARD_LIBRARIES = YES;
				INFOPLIST_FILE = CoolPillsUITests/Info.plist;
				LD_RUNPATH_SEARCH_PATHS = "$(inherited) @executable_path/Frameworks @loader_path/Frameworks";
				PRODUCT_BUNDLE_IDENTIFIER = alpacalypse.CoolPillsUITests;
				PRODUCT_NAME = "$(TARGET_NAME)";
				SWIFT_VERSION = 3.0;
				TEST_TARGET_NAME = CoolPills;
			};
			name = Release;
		};
/* End XCBuildConfiguration section */

/* Begin XCConfigurationList section */
		3EB022E11F2CDAB800D21646 /* Build configuration list for PBXProject "CoolPills" */ = {
			isa = XCConfigurationList;
			buildConfigurations = (
				3EB0230C1F2CDAB800D21646 /* Debug */,
				3EB0230D1F2CDAB800D21646 /* Release */,
			);
			defaultConfigurationIsVisible = 0;
			defaultConfigurationName = Release;
		};
		3EB0230E1F2CDAB800D21646 /* Build configuration list for PBXNativeTarget "CoolPills" */ = {
			isa = XCConfigurationList;
			buildConfigurations = (
				3EB0230F1F2CDAB800D21646 /* Debug */,
				3EB023101F2CDAB800D21646 /* Release */,
			);
			defaultConfigurationIsVisible = 0;
		};
		3EB023111F2CDAB800D21646 /* Build configuration list for PBXNativeTarget "CoolPillsTests" */ = {
			isa = XCConfigurationList;
			buildConfigurations = (
				3EB023121F2CDAB800D21646 /* Debug */,
				3EB023131F2CDAB800D21646 /* Release */,
			);
			defaultConfigurationIsVisible = 0;
		};
		3EB023141F2CDAB800D21646 /* Build configuration list for PBXNativeTarget "CoolPillsUITests" */ = {
			isa = XCConfigurationList;
			buildConfigurations = (
				3EB023151F2CDAB800D21646 /* Debug */,
				3EB023161F2CDAB800D21646 /* Release */,
			);
			defaultConfigurationIsVisible = 0;
		};
/* End XCConfigurationList section */
	};
	rootObject = 3EB022DE1F2CDAB800D21646 /* Project object */;
}
