// !$*UTF8*$!
{
	archiveVersion = 1;
	classes = {
	};
	objectVersion = 46;
	objects = {

/* Begin PBXBuildFile section */
		3EB023241F2F0E5C00D21646 /* AppDelegate.swift in Sources */ = {isa = PBXBuildFile; fileRef = 3EB023231F2F0E5C00D21646 /* AppDelegate.swift */; };
		3EB023261F2F0E5C00D21646 /* ViewController.swift in Sources */ = {isa = PBXBuildFile; fileRef = 3EB023251F2F0E5C00D21646 /* ViewController.swift */; };
		3EB023291F2F0E5C00D21646 /* Main.storyboard in Resources */ = {isa = PBXBuildFile; fileRef = 3EB023271F2F0E5C00D21646 /* Main.storyboard */; };
		3EB0232B1F2F0E5C00D21646 /* Assets.xcassets in Resources */ = {isa = PBXBuildFile; fileRef = 3EB0232A1F2F0E5C00D21646 /* Assets.xcassets */; };
		3EB0232E1F2F0E5C00D21646 /* LaunchScreen.storyboard in Resources */ = {isa = PBXBuildFile; fileRef = 3EB0232C1F2F0E5C00D21646 /* LaunchScreen.storyboard */; };
		3EB023391F2F0E5D00D21646 /* MiraclePillsTests.swift in Sources */ = {isa = PBXBuildFile; fileRef = 3EB023381F2F0E5D00D21646 /* MiraclePillsTests.swift */; };
		3EB023441F2F0E5D00D21646 /* MiraclePillsUITests.swift in Sources */ = {isa = PBXBuildFile; fileRef = 3EB023431F2F0E5D00D21646 /* MiraclePillsUITests.swift */; };
/* End PBXBuildFile section */

/* Begin PBXContainerItemProxy section */
		3EB023351F2F0E5D00D21646 /* PBXContainerItemProxy */ = {
			isa = PBXContainerItemProxy;
			containerPortal = 3EB023181F2F0E5C00D21646 /* Project object */;
			proxyType = 1;
			remoteGlobalIDString = 3EB0231F1F2F0E5C00D21646;
			remoteInfo = MiraclePills;
		};
		3EB023401F2F0E5D00D21646 /* PBXContainerItemProxy */ = {
			isa = PBXContainerItemProxy;
			containerPortal = 3EB023181F2F0E5C00D21646 /* Project object */;
			proxyType = 1;
			remoteGlobalIDString = 3EB0231F1F2F0E5C00D21646;
			remoteInfo = MiraclePills;
		};
/* End PBXContainerItemProxy section */

/* Begin PBXFileReference section */
		3EB023201F2F0E5C00D21646 /* MiraclePills.app */ = {isa = PBXFileReference; explicitFileType = wrapper.application; includeInIndex = 0; path = MiraclePills.app; sourceTree = BUILT_PRODUCTS_DIR; };
		3EB023231F2F0E5C00D21646 /* AppDelegate.swift */ = {isa = PBXFileReference; lastKnownFileType = sourcecode.swift; path = AppDelegate.swift; sourceTree = "<group>"; };
		3EB023251F2F0E5C00D21646 /* ViewController.swift */ = {isa = PBXFileReference; lastKnownFileType = sourcecode.swift; path = ViewController.swift; sourceTree = "<group>"; };
		3EB023281F2F0E5C00D21646 /* Base */ = {isa = PBXFileReference; lastKnownFileType = file.storyboard; name = Base; path = Base.lproj/Main.storyboard; sourceTree = "<group>"; };
		3EB0232A1F2F0E5C00D21646 /* Assets.xcassets */ = {isa = PBXFileReference; lastKnownFileType = folder.assetcatalog; path = Assets.xcassets; sourceTree = "<group>"; };
		3EB0232D1F2F0E5C00D21646 /* Base */ = {isa = PBXFileReference; lastKnownFileType = file.storyboard; name = Base; path = Base.lproj/LaunchScreen.storyboard; sourceTree = "<group>"; };
		3EB0232F1F2F0E5C00D21646 /* Info.plist */ = {isa = PBXFileReference; lastKnownFileType = text.plist.xml; path = Info.plist; sourceTree = "<group>"; };
		3EB023341F2F0E5D00D21646 /* MiraclePillsTests.xctest */ = {isa = PBXFileReference; explicitFileType = wrapper.cfbundle; includeInIndex = 0; path = MiraclePillsTests.xctest; sourceTree = BUILT_PRODUCTS_DIR; };
		3EB023381F2F0E5D00D21646 /* MiraclePillsTests.swift */ = {isa = PBXFileReference; lastKnownFileType = sourcecode.swift; path = MiraclePillsTests.swift; sourceTree = "<group>"; };
		3EB0233A1F2F0E5D00D21646 /* Info.plist */ = {isa = PBXFileReference; lastKnownFileType = text.plist.xml; path = Info.plist; sourceTree = "<group>"; };
		3EB0233F1F2F0E5D00D21646 /* MiraclePillsUITests.xctest */ = {isa = PBXFileReference; explicitFileType = wrapper.cfbundle; includeInIndex = 0; path = MiraclePillsUITests.xctest; sourceTree = BUILT_PRODUCTS_DIR; };
		3EB023431F2F0E5D00D21646 /* MiraclePillsUITests.swift */ = {isa = PBXFileReference; lastKnownFileType = sourcecode.swift; path = MiraclePillsUITests.swift; sourceTree = "<group>"; };
		3EB023451F2F0E5D00D21646 /* Info.plist */ = {isa = PBXFileReference; lastKnownFileType = text.plist.xml; path = Info.plist; sourceTree = "<group>"; };
/* End PBXFileReference section */

/* Begin PBXFrameworksBuildPhase section */
		3EB0231D1F2F0E5C00D21646 /* Frameworks */ = {
			isa = PBXFrameworksBuildPhase;
			buildActionMask = 2147483647;
			files = (
			);
			runOnlyForDeploymentPostprocessing = 0;
		};
		3EB023311F2F0E5D00D21646 /* Frameworks */ = {
			isa = PBXFrameworksBuildPhase;
			buildActionMask = 2147483647;
			files = (
			);
			runOnlyForDeploymentPostprocessing = 0;
		};
		3EB0233C1F2F0E5D00D21646 /* Frameworks */ = {
			isa = PBXFrameworksBuildPhase;
			buildActionMask = 2147483647;
			files = (
			);
			runOnlyForDeploymentPostprocessing = 0;
		};
/* End PBXFrameworksBuildPhase section */

/* Begin PBXGroup section */
		3EB023171F2F0E5C00D21646 = {
			isa = PBXGroup;
			children = (
				3EB023221F2F0E5C00D21646 /* MiraclePills */,
				3EB023371F2F0E5D00D21646 /* MiraclePillsTests */,
				3EB023421F2F0E5D00D21646 /* MiraclePillsUITests */,
				3EB023211F2F0E5C00D21646 /* Products */,
			);
			sourceTree = "<group>";
		};
		3EB023211F2F0E5C00D21646 /* Products */ = {
			isa = PBXGroup;
			children = (
				3EB023201F2F0E5C00D21646 /* MiraclePills.app */,
				3EB023341F2F0E5D00D21646 /* MiraclePillsTests.xctest */,
				3EB0233F1F2F0E5D00D21646 /* MiraclePillsUITests.xctest */,
			);
			name = Products;
			sourceTree = "<group>";
		};
		3EB023221F2F0E5C00D21646 /* MiraclePills */ = {
			isa = PBXGroup;
			children = (
				3EB023231F2F0E5C00D21646 /* AppDelegate.swift */,
				3EB023251F2F0E5C00D21646 /* ViewController.swift */,
				3EB023271F2F0E5C00D21646 /* Main.storyboard */,
				3EB0232A1F2F0E5C00D21646 /* Assets.xcassets */,
				3EB0232C1F2F0E5C00D21646 /* LaunchScreen.storyboard */,
				3EB0232F1F2F0E5C00D21646 /* Info.plist */,
			);
			path = MiraclePills;
			sourceTree = "<group>";
		};
		3EB023371F2F0E5D00D21646 /* MiraclePillsTests */ = {
			isa = PBXGroup;
			children = (
				3EB023381F2F0E5D00D21646 /* MiraclePillsTests.swift */,
				3EB0233A1F2F0E5D00D21646 /* Info.plist */,
			);
			path = MiraclePillsTests;
			sourceTree = "<group>";
		};
		3EB023421F2F0E5D00D21646 /* MiraclePillsUITests */ = {
			isa = PBXGroup;
			children = (
				3EB023431F2F0E5D00D21646 /* MiraclePillsUITests.swift */,
				3EB023451F2F0E5D00D21646 /* Info.plist */,
			);
			path = MiraclePillsUITests;
			sourceTree = "<group>";
		};
/* End PBXGroup section */

/* Begin PBXNativeTarget section */
		3EB0231F1F2F0E5C00D21646 /* MiraclePills */ = {
			isa = PBXNativeTarget;
			buildConfigurationList = 3EB023481F2F0E5D00D21646 /* Build configuration list for PBXNativeTarget "MiraclePills" */;
			buildPhases = (
				3EB0231C1F2F0E5C00D21646 /* Sources */,
				3EB0231D1F2F0E5C00D21646 /* Frameworks */,
				3EB0231E1F2F0E5C00D21646 /* Resources */,
			);
			buildRules = (
			);
			dependencies = (
			);
			name = MiraclePills;
			productName = MiraclePills;
			productReference = 3EB023201F2F0E5C00D21646 /* MiraclePills.app */;
			productType = "com.apple.product-type.application";
		};
		3EB023331F2F0E5D00D21646 /* MiraclePillsTests */ = {
			isa = PBXNativeTarget;
			buildConfigurationList = 3EB0234B1F2F0E5D00D21646 /* Build configuration list for PBXNativeTarget "MiraclePillsTests" */;
			buildPhases = (
				3EB023301F2F0E5D00D21646 /* Sources */,
				3EB023311F2F0E5D00D21646 /* Frameworks */,
				3EB023321F2F0E5D00D21646 /* Resources */,
			);
			buildRules = (
			);
			dependencies = (
				3EB023361F2F0E5D00D21646 /* PBXTargetDependency */,
			);
			name = MiraclePillsTests;
			productName = MiraclePillsTests;
			productReference = 3EB023341F2F0E5D00D21646 /* MiraclePillsTests.xctest */;
			productType = "com.apple.product-type.bundle.unit-test";
		};
		3EB0233E1F2F0E5D00D21646 /* MiraclePillsUITests */ = {
			isa = PBXNativeTarget;
			buildConfigurationList = 3EB0234E1F2F0E5D00D21646 /* Build configuration list for PBXNativeTarget "MiraclePillsUITests" */;
			buildPhases = (
				3EB0233B1F2F0E5D00D21646 /* Sources */,
				3EB0233C1F2F0E5D00D21646 /* Frameworks */,
				3EB0233D1F2F0E5D00D21646 /* Resources */,
			);
			buildRules = (
			);
			dependencies = (
				3EB023411F2F0E5D00D21646 /* PBXTargetDependency */,
			);
			name = MiraclePillsUITests;
			productName = MiraclePillsUITests;
			productReference = 3EB0233F1F2F0E5D00D21646 /* MiraclePillsUITests.xctest */;
			productType = "com.apple.product-type.bundle.ui-testing";
		};
/* End PBXNativeTarget section */

/* Begin PBXProject section */
		3EB023181F2F0E5C00D21646 /* Project object */ = {
			isa = PBXProject;
			attributes = {
				LastSwiftUpdateCheck = 0830;
				LastUpgradeCheck = 0830;
				ORGANIZATIONNAME = "Jay Hall";
				TargetAttributes = {
					3EB0231F1F2F0E5C00D21646 = {
						CreatedOnToolsVersion = 8.3.3;
						ProvisioningStyle = Automatic;
					};
					3EB023331F2F0E5D00D21646 = {
						CreatedOnToolsVersion = 8.3.3;
						ProvisioningStyle = Automatic;
						TestTargetID = 3EB0231F1F2F0E5C00D21646;
					};
					3EB0233E1F2F0E5D00D21646 = {
						CreatedOnToolsVersion = 8.3.3;
						ProvisioningStyle = Automatic;
						TestTargetID = 3EB0231F1F2F0E5C00D21646;
					};
				};
			};
			buildConfigurationList = 3EB0231B1F2F0E5C00D21646 /* Build configuration list for PBXProject "MiraclePills" */;
			compatibilityVersion = "Xcode 3.2";
			developmentRegion = English;
			hasScannedForEncodings = 0;
			knownRegions = (
				en,
				Base,
			);
			mainGroup = 3EB023171F2F0E5C00D21646;
			productRefGroup = 3EB023211F2F0E5C00D21646 /* Products */;
			projectDirPath = "";
			projectRoot = "";
			targets = (
				3EB0231F1F2F0E5C00D21646 /* MiraclePills */,
				3EB023331F2F0E5D00D21646 /* MiraclePillsTests */,
				3EB0233E1F2F0E5D00D21646 /* MiraclePillsUITests */,
			);
		};
/* End PBXProject section */

/* Begin PBXResourcesBuildPhase section */
		3EB0231E1F2F0E5C00D21646 /* Resources */ = {
			isa = PBXResourcesBuildPhase;
			buildActionMask = 2147483647;
			files = (
				3EB0232E1F2F0E5C00D21646 /* LaunchScreen.storyboard in Resources */,
				3EB0232B1F2F0E5C00D21646 /* Assets.xcassets in Resources */,
				3EB023291F2F0E5C00D21646 /* Main.storyboard in Resources */,
			);
			runOnlyForDeploymentPostprocessing = 0;
		};
		3EB023321F2F0E5D00D21646 /* Resources */ = {
			isa = PBXResourcesBuildPhase;
			buildActionMask = 2147483647;
			files = (
			);
			runOnlyForDeploymentPostprocessing = 0;
		};
		3EB0233D1F2F0E5D00D21646 /* Resources */ = {
			isa = PBXResourcesBuildPhase;
			buildActionMask = 2147483647;
			files = (
			);
			runOnlyForDeploymentPostprocessing = 0;
		};
/* End PBXResourcesBuildPhase section */

/* Begin PBXSourcesBuildPhase section */
		3EB0231C1F2F0E5C00D21646 /* Sources */ = {
			isa = PBXSourcesBuildPhase;
			buildActionMask = 2147483647;
			files = (
				3EB023261F2F0E5C00D21646 /* ViewController.swift in Sources */,
				3EB023241F2F0E5C00D21646 /* AppDelegate.swift in Sources */,
			);
			runOnlyForDeploymentPostprocessing = 0;
		};
		3EB023301F2F0E5D00D21646 /* Sources */ = {
			isa = PBXSourcesBuildPhase;
			buildActionMask = 2147483647;
			files = (
				3EB023391F2F0E5D00D21646 /* MiraclePillsTests.swift in Sources */,
			);
			runOnlyForDeploymentPostprocessing = 0;
		};
		3EB0233B1F2F0E5D00D21646 /* Sources */ = {
			isa = PBXSourcesBuildPhase;
			buildActionMask = 2147483647;
			files = (
				3EB023441F2F0E5D00D21646 /* MiraclePillsUITests.swift in Sources */,
			);
			runOnlyForDeploymentPostprocessing = 0;
		};
/* End PBXSourcesBuildPhase section */

/* Begin PBXTargetDependency section */
		3EB023361F2F0E5D00D21646 /* PBXTargetDependency */ = {
			isa = PBXTargetDependency;
			target = 3EB0231F1F2F0E5C00D21646 /* MiraclePills */;
			targetProxy = 3EB023351F2F0E5D00D21646 /* PBXContainerItemProxy */;
		};
		3EB023411F2F0E5D00D21646 /* PBXTargetDependency */ = {
			isa = PBXTargetDependency;
			target = 3EB0231F1F2F0E5C00D21646 /* MiraclePills */;
			targetProxy = 3EB023401F2F0E5D00D21646 /* PBXContainerItemProxy */;
		};
/* End PBXTargetDependency section */

/* Begin PBXVariantGroup section */
		3EB023271F2F0E5C00D21646 /* Main.storyboard */ = {
			isa = PBXVariantGroup;
			children = (
				3EB023281F2F0E5C00D21646 /* Base */,
			);
			name = Main.storyboard;
			sourceTree = "<group>";
		};
		3EB0232C1F2F0E5C00D21646 /* LaunchScreen.storyboard */ = {
			isa = PBXVariantGroup;
			children = (
				3EB0232D1F2F0E5C00D21646 /* Base */,
			);
			name = LaunchScreen.storyboard;
			sourceTree = "<group>";
		};
/* End PBXVariantGroup section */

/* Begin XCBuildConfiguration section */
		3EB023461F2F0E5D00D21646 /* Debug */ = {
			isa = XCBuildConfiguration;
			buildSettings = {
				ALWAYS_SEARCH_USER_PATHS = NO;
				CLANG_ANALYZER_NONNULL = YES;
				CLANG_ANALYZER_NUMBER_OBJECT_CONVERSION = YES_AGGRESSIVE;
				CLANG_CXX_LANGUAGE_STANDARD = "gnu++0x";
				CLANG_CXX_LIBRARY = "libc++";
				CLANG_ENABLE_MODULES = YES;
				CLANG_ENABLE_OBJC_ARC = YES;
				CLANG_WARN_BOOL_CONVERSION = YES;
				CLANG_WARN_CONSTANT_CONVERSION = YES;
				CLANG_WARN_DIRECT_OBJC_ISA_USAGE = YES_ERROR;
				CLANG_WARN_DOCUMENTATION_COMMENTS = YES;
				CLANG_WARN_EMPTY_BODY = YES;
				CLANG_WARN_ENUM_CONVERSION = YES;
				CLANG_WARN_INFINITE_RECURSION = YES;
				CLANG_WARN_INT_CONVERSION = YES;
				CLANG_WARN_OBJC_ROOT_CLASS = YES_ERROR;
				CLANG_WARN_SUSPICIOUS_MOVE = YES;
				CLANG_WARN_UNREACHABLE_CODE = YES;
				CLANG_WARN__DUPLICATE_METHOD_MATCH = YES;
				"CODE_SIGN_IDENTITY[sdk=iphoneos*]" = "iPhone Developer";
				COPY_PHASE_STRIP = NO;
				DEBUG_INFORMATION_FORMAT = dwarf;
				ENABLE_STRICT_OBJC_MSGSEND = YES;
				ENABLE_TESTABILITY = YES;
				GCC_C_LANGUAGE_STANDARD = gnu99;
				GCC_DYNAMIC_NO_PIC = NO;
				GCC_NO_COMMON_BLOCKS = YES;
				GCC_OPTIMIZATION_LEVEL = 0;
				GCC_PREPROCESSOR_DEFINITIONS = (
					"DEBUG=1",
					"$(inherited)",
				);
				GCC_WARN_64_TO_32_BIT_CONVERSION = YES;
				GCC_WARN_ABOUT_RETURN_TYPE = YES_ERROR;
				GCC_WARN_UNDECLARED_SELECTOR = YES;
				GCC_WARN_UNINITIALIZED_AUTOS = YES_AGGRESSIVE;
				GCC_WARN_UNUSED_FUNCTION = YES;
				GCC_WARN_UNUSED_VARIABLE = YES;
				IPHONEOS_DEPLOYMENT_TARGET = 10.3;
				MTL_ENABLE_DEBUG_INFO = YES;
				ONLY_ACTIVE_ARCH = YES;
				SDKROOT = iphoneos;
				SWIFT_ACTIVE_COMPILATION_CONDITIONS = DEBUG;
				SWIFT_OPTIMIZATION_LEVEL = "-Onone";
				TARGETED_DEVICE_FAMILY = "1,2";
			};
			name = Debug;
		};
		3EB023471F2F0E5D00D21646 /* Release */ = {
			isa = XCBuildConfiguration;
			buildSettings = {
				ALWAYS_SEARCH_USER_PATHS = NO;
				CLANG_ANALYZER_NONNULL = YES;
				CLANG_ANALYZER_NUMBER_OBJECT_CONVERSION = YES_AGGRESSIVE;
				CLANG_CXX_LANGUAGE_STANDARD = "gnu++0x";
				CLANG_CXX_LIBRARY = "libc++";
				CLANG_ENABLE_MODULES = YES;
				CLANG_ENABLE_OBJC_ARC = YES;
				CLANG_WARN_BOOL_CONVERSION = YES;
				CLANG_WARN_CONSTANT_CONVERSION = YES;
				CLANG_WARN_DIRECT_OBJC_ISA_USAGE = YES_ERROR;
				CLANG_WARN_DOCUMENTATION_COMMENTS = YES;
				CLANG_WARN_EMPTY_BODY = YES;
				CLANG_WARN_ENUM_CONVERSION = YES;
				CLANG_WARN_INFINITE_RECURSION = YES;
				CLANG_WARN_INT_CONVERSION = YES;
				CLANG_WARN_OBJC_ROOT_CLASS = YES_ERROR;
				CLANG_WARN_SUSPICIOUS_MOVE = YES;
				CLANG_WARN_UNREACHABLE_CODE = YES;
				CLANG_WARN__DUPLICATE_METHOD_MATCH = YES;
				"CODE_SIGN_IDENTITY[sdk=iphoneos*]" = "iPhone Developer";
				COPY_PHASE_STRIP = NO;
				DEBUG_INFORMATION_FORMAT = "dwarf-with-dsym";
				ENABLE_NS_ASSERTIONS = NO;
				ENABLE_STRICT_OBJC_MSGSEND = YES;
				GCC_C_LANGUAGE_STANDARD = gnu99;
				GCC_NO_COMMON_BLOCKS = YES;
				GCC_WARN_64_TO_32_BIT_CONVERSION = YES;
				GCC_WARN_ABOUT_RETURN_TYPE = YES_ERROR;
				GCC_WARN_UNDECLARED_SELECTOR = YES;
				GCC_WARN_UNINITIALIZED_AUTOS = YES_AGGRESSIVE;
				GCC_WARN_UNUSED_FUNCTION = YES;
				GCC_WARN_UNUSED_VARIABLE = YES;
				IPHONEOS_DEPLOYMENT_TARGET = 10.3;
				MTL_ENABLE_DEBUG_INFO = NO;
				SDKROOT = iphoneos;
				SWIFT_OPTIMIZATION_LEVEL = "-Owholemodule";
				TARGETED_DEVICE_FAMILY = "1,2";
				VALIDATE_PRODUCT = YES;
			};
			name = Release;
		};
		3EB023491F2F0E5D00D21646 /* Debug */ = {
			isa = XCBuildConfiguration;
			buildSettings = {
				ASSETCATALOG_COMPILER_APPICON_NAME = AppIcon;
				INFOPLIST_FILE = MiraclePills/Info.plist;
				LD_RUNPATH_SEARCH_PATHS = "$(inherited) @executable_path/Frameworks";
				PRODUCT_BUNDLE_IDENTIFIER = alpacalypse.MiraclePills;
				PRODUCT_NAME = "$(TARGET_NAME)";
				SWIFT_VERSION = 3.0;
			};
			name = Debug;
		};
		3EB0234A1F2F0E5D00D21646 /* Release */ = {
			isa = XCBuildConfiguration;
			buildSettings = {
				ASSETCATALOG_COMPILER_APPICON_NAME = AppIcon;
				INFOPLIST_FILE = MiraclePills/Info.plist;
				LD_RUNPATH_SEARCH_PATHS = "$(inherited) @executable_path/Frameworks";
				PRODUCT_BUNDLE_IDENTIFIER = alpacalypse.MiraclePills;
				PRODUCT_NAME = "$(TARGET_NAME)";
				SWIFT_VERSION = 3.0;
			};
			name = Release;
		};
		3EB0234C1F2F0E5D00D21646 /* Debug */ = {
			isa = XCBuildConfiguration;
			buildSettings = {
				ALWAYS_EMBED_SWIFT_STANDARD_LIBRARIES = YES;
				BUNDLE_LOADER = "$(TEST_HOST)";
				INFOPLIST_FILE = MiraclePillsTests/Info.plist;
				LD_RUNPATH_SEARCH_PATHS = "$(inherited) @executable_path/Frameworks @loader_path/Frameworks";
				PRODUCT_BUNDLE_IDENTIFIER = alpacalypse.MiraclePillsTests;
				PRODUCT_NAME = "$(TARGET_NAME)";
				SWIFT_VERSION = 3.0;
				TEST_HOST = "$(BUILT_PRODUCTS_DIR)/MiraclePills.app/MiraclePills";
			};
			name = Debug;
		};
		3EB0234D1F2F0E5D00D21646 /* Release */ = {
			isa = XCBuildConfiguration;
			buildSettings = {
				ALWAYS_EMBED_SWIFT_STANDARD_LIBRARIES = YES;
				BUNDLE_LOADER = "$(TEST_HOST)";
				INFOPLIST_FILE = MiraclePillsTests/Info.plist;
				LD_RUNPATH_SEARCH_PATHS = "$(inherited) @executable_path/Frameworks @loader_path/Frameworks";
				PRODUCT_BUNDLE_IDENTIFIER = alpacalypse.MiraclePillsTests;
				PRODUCT_NAME = "$(TARGET_NAME)";
				SWIFT_VERSION = 3.0;
				TEST_HOST = "$(BUILT_PRODUCTS_DIR)/MiraclePills.app/MiraclePills";
			};
			name = Release;
		};
		3EB0234F1F2F0E5D00D21646 /* Debug */ = {
			isa = XCBuildConfiguration;
			buildSettings = {
				ALWAYS_EMBED_SWIFT_STANDARD_LIBRARIES = YES;
				INFOPLIST_FILE = MiraclePillsUITests/Info.plist;
				LD_RUNPATH_SEARCH_PATHS = "$(inherited) @executable_path/Frameworks @loader_path/Frameworks";
				PRODUCT_BUNDLE_IDENTIFIER = alpacalypse.MiraclePillsUITests;
				PRODUCT_NAME = "$(TARGET_NAME)";
				SWIFT_VERSION = 3.0;
				TEST_TARGET_NAME = MiraclePills;
			};
			name = Debug;
		};
		3EB023501F2F0E5D00D21646 /* Release */ = {
			isa = XCBuildConfiguration;
			buildSettings = {
				ALWAYS_EMBED_SWIFT_STANDARD_LIBRARIES = YES;
				INFOPLIST_FILE = MiraclePillsUITests/Info.plist;
				LD_RUNPATH_SEARCH_PATHS = "$(inherited) @executable_path/Frameworks @loader_path/Frameworks";
				PRODUCT_BUNDLE_IDENTIFIER = alpacalypse.MiraclePillsUITests;
				PRODUCT_NAME = "$(TARGET_NAME)";
				SWIFT_VERSION = 3.0;
				TEST_TARGET_NAME = MiraclePills;
			};
			name = Release;
		};
/* End XCBuildConfiguration section */

/* Begin XCConfigurationList section */
		3EB0231B1F2F0E5C00D21646 /* Build configuration list for PBXProject "MiraclePills" */ = {
			isa = XCConfigurationList;
			buildConfigurations = (
				3EB023461F2F0E5D00D21646 /* Debug */,
				3EB023471F2F0E5D00D21646 /* Release */,
			);
			defaultConfigurationIsVisible = 0;
			defaultConfigurationName = Release;
		};
		3EB023481F2F0E5D00D21646 /* Build configuration list for PBXNativeTarget "MiraclePills" */ = {
			isa = XCConfigurationList;
			buildConfigurations = (
				3EB023491F2F0E5D00D21646 /* Debug */,
				3EB0234A1F2F0E5D00D21646 /* Release */,
			);
			defaultConfigurationIsVisible = 0;
		};
		3EB0234B1F2F0E5D00D21646 /* Build configuration list for PBXNativeTarget "MiraclePillsTests" */ = {
			isa = XCConfigurationList;
			buildConfigurations = (
				3EB0234C1F2F0E5D00D21646 /* Debug */,
				3EB0234D1F2F0E5D00D21646 /* Release */,
			);
			defaultConfigurationIsVisible = 0;
		};
		3EB0234E1F2F0E5D00D21646 /* Build configuration list for PBXNativeTarget "MiraclePillsUITests" */ = {
			isa = XCConfigurationList;
			buildConfigurations = (
				3EB0234F1F2F0E5D00D21646 /* Debug */,
				3EB023501F2F0E5D00D21646 /* Release */,
			);
			defaultConfigurationIsVisible = 0;
		};
/* End XCConfigurationList section */
	};
	rootObject = 3EB023181F2F0E5C00D21646 /* Project object */;
}
