// !$*UTF8*$!
{
	archiveVersion = 1;
	classes = {
	};
	objectVersion = 46;
	objects = {

/* Begin PBXBuildFile section */
		9EAE35921D6AA3050062A5D7 /* AppDelegate.swift in Sources */ = {isa = PBXBuildFile; fileRef = 9EAE35911D6AA3050062A5D7 /* AppDelegate.swift */; };
		9EAE35941D6AA3050062A5D7 /* ViewController.swift in Sources */ = {isa = PBXBuildFile; fileRef = 9EAE35931D6AA3050062A5D7 /* ViewController.swift */; };
		9EAE35971D6AA3050062A5D7 /* Main.storyboard in Resources */ = {isa = PBXBuildFile; fileRef = 9EAE35951D6AA3050062A5D7 /* Main.storyboard */; };
		9EAE35991D6AA3050062A5D7 /* Assets.xcassets in Resources */ = {isa = PBXBuildFile; fileRef = 9EAE35981D6AA3050062A5D7 /* Assets.xcassets */; };
		9EAE359C1D6AA3050062A5D7 /* LaunchScreen.storyboard in Resources */ = {isa = PBXBuildFile; fileRef = 9EAE359A1D6AA3050062A5D7 /* LaunchScreen.storyboard */; };
/* End PBXBuildFile section */

/* Begin PBXFileReference section */
		9EAE358E1D6AA3050062A5D7 /* Miracle Pills 2.app */ = {isa = PBXFileReference; explicitFileType = wrapper.application; includeInIndex = 0; path = "Miracle Pills 2.app"; sourceTree = BUILT_PRODUCTS_DIR; };
		9EAE35911D6AA3050062A5D7 /* AppDelegate.swift */ = {isa = PBXFileReference; lastKnownFileType = sourcecode.swift; path = AppDelegate.swift; sourceTree = "<group>"; };
		9EAE35931D6AA3050062A5D7 /* ViewController.swift */ = {isa = PBXFileReference; lastKnownFileType = sourcecode.swift; path = ViewController.swift; sourceTree = "<group>"; };
		9EAE35961D6AA3050062A5D7 /* Base */ = {isa = PBXFileReference; lastKnownFileType = file.storyboard; name = Base; path = Base.lproj/Main.storyboard; sourceTree = "<group>"; };
		9EAE35981D6AA3050062A5D7 /* Assets.xcassets */ = {isa = PBXFileReference; lastKnownFileType = folder.assetcatalog; path = Assets.xcassets; sourceTree = "<group>"; };
		9EAE359B1D6AA3050062A5D7 /* Base */ = {isa = PBXFileReference; lastKnownFileType = file.storyboard; name = Base; path = Base.lproj/LaunchScreen.storyboard; sourceTree = "<group>"; };
		9EAE359D1D6AA3050062A5D7 /* Info.plist */ = {isa = PBXFileReference; lastKnownFileType = text.plist.xml; path = Info.plist; sourceTree = "<group>"; };
/* End PBXFileReference section */

/* Begin PBXFrameworksBuildPhase section */
		9EAE358B1D6AA3050062A5D7 /* Frameworks */ = {
			isa = PBXFrameworksBuildPhase;
			buildActionMask = 2147483647;
			files = (
			);
			runOnlyForDeploymentPostprocessing = 0;
		};
/* End PBXFrameworksBuildPhase section */

/* Begin PBXGroup section */
		9EAE35851D6AA3040062A5D7 = {
			isa = PBXGroup;
			children = (
				9EAE35901D6AA3050062A5D7 /* Miracle Pills 2 */,
				9EAE358F1D6AA3050062A5D7 /* Products */,
			);
			sourceTree = "<group>";
		};
		9EAE358F1D6AA3050062A5D7 /* Products */ = {
			isa = PBXGroup;
			children = (
				9EAE358E1D6AA3050062A5D7 /* Miracle Pills 2.app */,
			);
			name = Products;
			sourceTree = "<group>";
		};
		9EAE35901D6AA3050062A5D7 /* Miracle Pills 2 */ = {
			isa = PBXGroup;
			children = (
				9EAE35911D6AA3050062A5D7 /* AppDelegate.swift */,
				9EAE35931D6AA3050062A5D7 /* ViewController.swift */,
				9EAE35951D6AA3050062A5D7 /* Main.storyboard */,
				9EAE35981D6AA3050062A5D7 /* Assets.xcassets */,
				9EAE359A1D6AA3050062A5D7 /* LaunchScreen.storyboard */,
				9EAE359D1D6AA3050062A5D7 /* Info.plist */,
			);
			path = "Miracle Pills 2";
			sourceTree = "<group>";
		};
/* End PBXGroup section */

/* Begin PBXNativeTarget section */
		9EAE358D1D6AA3050062A5D7 /* Miracle Pills 2 */ = {
			isa = PBXNativeTarget;
			buildConfigurationList = 9EAE35A01D6AA3050062A5D7 /* Build configuration list for PBXNativeTarget "Miracle Pills 2" */;
			buildPhases = (
				9EAE358A1D6AA3050062A5D7 /* Sources */,
				9EAE358B1D6AA3050062A5D7 /* Frameworks */,
				9EAE358C1D6AA3050062A5D7 /* Resources */,
			);
			buildRules = (
			);
			dependencies = (
			);
			name = "Miracle Pills 2";
			productName = "Miracle Pills 2";
			productReference = 9EAE358E1D6AA3050062A5D7 /* Miracle Pills 2.app */;
			productType = "com.apple.product-type.application";
		};
/* End PBXNativeTarget section */

/* Begin PBXProject section */
		9EAE35861D6AA3040062A5D7 /* Project object */ = {
			isa = PBXProject;
			attributes = {
				LastSwiftUpdateCheck = 0800;
				LastUpgradeCheck = 0800;
				ORGANIZATIONNAME = "Jonathan Foote";
				TargetAttributes = {
					9EAE358D1D6AA3050062A5D7 = {
						CreatedOnToolsVersion = 8.0;
						ProvisioningStyle = Automatic;
					};
				};
			};
			buildConfigurationList = 9EAE35891D6AA3050062A5D7 /* Build configuration list for PBXProject "Miracle Pills 2" */;
			compatibilityVersion = "Xcode 3.2";
			developmentRegion = English;
			hasScannedForEncodings = 0;
			knownRegions = (
				en,
				Base,
			);
			mainGroup = 9EAE35851D6AA3040062A5D7;
			productRefGroup = 9EAE358F1D6AA3050062A5D7 /* Products */;
			projectDirPath = "";
			projectRoot = "";
			targets = (
				9EAE358D1D6AA3050062A5D7 /* Miracle Pills 2 */,
			);
		};
/* End PBXProject section */

/* Begin PBXResourcesBuildPhase section */
		9EAE358C1D6AA3050062A5D7 /* Resources */ = {
			isa = PBXResourcesBuildPhase;
			buildActionMask = 2147483647;
			files = (
				9EAE359C1D6AA3050062A5D7 /* LaunchScreen.storyboard in Resources */,
				9EAE35991D6AA3050062A5D7 /* Assets.xcassets in Resources */,
				9EAE35971D6AA3050062A5D7 /* Main.storyboard in Resources */,
			);
			runOnlyForDeploymentPostprocessing = 0;
		};
/* End PBXResourcesBuildPhase section */

/* Begin PBXSourcesBuildPhase section */
		9EAE358A1D6AA3050062A5D7 /* Sources */ = {
			isa = PBXSourcesBuildPhase;
			buildActionMask = 2147483647;
			files = (
				9EAE35941D6AA3050062A5D7 /* ViewController.swift in Sources */,
				9EAE35921D6AA3050062A5D7 /* AppDelegate.swift in Sources */,
			);
			runOnlyForDeploymentPostprocessing = 0;
		};
/* End PBXSourcesBuildPhase section */

/* Begin PBXVariantGroup section */
		9EAE35951D6AA3050062A5D7 /* Main.storyboard */ = {
			isa = PBXVariantGroup;
			children = (
				9EAE35961D6AA3050062A5D7 /* Base */,
			);
			name = Main.storyboard;
			sourceTree = "<group>";
		};
		9EAE359A1D6AA3050062A5D7 /* LaunchScreen.storyboard */ = {
			isa = PBXVariantGroup;
			children = (
				9EAE359B1D6AA3050062A5D7 /* Base */,
			);
			name = LaunchScreen.storyboard;
			sourceTree = "<group>";
		};
/* End PBXVariantGroup section */

/* Begin XCBuildConfiguration section */
		9EAE359E1D6AA3050062A5D7 /* Debug */ = {
			isa = XCBuildConfiguration;
			buildSettings = {
				ALWAYS_SEARCH_USER_PATHS = NO;
				CLANG_ANALYZER_NONNULL = YES;
				CLANG_CXX_LANGUAGE_STANDARD = "gnu++0x";
				CLANG_CXX_LIBRARY = "libc++";
				CLANG_ENABLE_MODULES = YES;
				CLANG_ENABLE_OBJC_ARC = YES;
				CLANG_WARN_BOOL_CONVERSION = YES;
				CLANG_WARN_CONSTANT_CONVERSION = YES;
				CLANG_WARN_DIRECT_OBJC_ISA_USAGE = YES_ERROR;
				CLANG_WARN_DOCUMENTATION_COMMENTS = YES;
				CLANG_WARN_EMPTY_BODY = YES;
				CLANG_WARN_ENUM_CONVERSION = YES;
				CLANG_WARN_INFINITE_RECURSION = YES;
				CLANG_WARN_INT_CONVERSION = YES;
				CLANG_WARN_OBJC_ROOT_CLASS = YES_ERROR;
				CLANG_WARN_SUSPICIOUS_MOVES = YES;
				CLANG_WARN_UNREACHABLE_CODE = YES;
				CLANG_WARN__DUPLICATE_METHOD_MATCH = YES;
				"CODE_SIGN_IDENTITY[sdk=iphoneos*]" = "iPhone Developer";
				COPY_PHASE_STRIP = NO;
				DEBUG_INFORMATION_FORMAT = dwarf;
				ENABLE_STRICT_OBJC_MSGSEND = YES;
				ENABLE_TESTABILITY = YES;
				GCC_C_LANGUAGE_STANDARD = gnu99;
				GCC_DYNAMIC_NO_PIC = NO;
				GCC_NO_COMMON_BLOCKS = YES;
				GCC_OPTIMIZATION_LEVEL = 0;
				GCC_PREPROCESSOR_DEFINITIONS = (
					"DEBUG=1",
					"$(inherited)",
				);
				GCC_WARN_64_TO_32_BIT_CONVERSION = YES;
				GCC_WARN_ABOUT_RETURN_TYPE = YES_ERROR;
				GCC_WARN_UNDECLARED_SELECTOR = YES;
				GCC_WARN_UNINITIALIZED_AUTOS = YES_AGGRESSIVE;
				GCC_WARN_UNUSED_FUNCTION = YES;
				GCC_WARN_UNUSED_VARIABLE = YES;
				IPHONEOS_DEPLOYMENT_TARGET = 10.0;
				MTL_ENABLE_DEBUG_INFO = YES;
				ONLY_ACTIVE_ARCH = YES;
				SDKROOT = iphoneos;
				SWIFT_ACTIVE_COMPILATION_CONDITIONS = DEBUG;
				SWIFT_OPTIMIZATION_LEVEL = "-Onone";
				TARGETED_DEVICE_FAMILY = "1,2";
			};
			name = Debug;
		};
		9EAE359F1D6AA3050062A5D7 /* Release */ = {
			isa = XCBuildConfiguration;
			buildSettings = {
				ALWAYS_SEARCH_USER_PATHS = NO;
				CLANG_ANALYZER_NONNULL = YES;
				CLANG_CXX_LANGUAGE_STANDARD = "gnu++0x";
				CLANG_CXX_LIBRARY = "libc++";
				CLANG_ENABLE_MODULES = YES;
				CLANG_ENABLE_OBJC_ARC = YES;
				CLANG_WARN_BOOL_CONVERSION = YES;
				CLANG_WARN_CONSTANT_CONVERSION = YES;
				CLANG_WARN_DIRECT_OBJC_ISA_USAGE = YES_ERROR;
				CLANG_WARN_DOCUMENTATION_COMMENTS = YES;
				CLANG_WARN_EMPTY_BODY = YES;
				CLANG_WARN_ENUM_CONVERSION = YES;
				CLANG_WARN_INFINITE_RECURSION = YES;
				CLANG_WARN_INT_CONVERSION = YES;
				CLANG_WARN_OBJC_ROOT_CLASS = YES_ERROR;
				CLANG_WARN_SUSPICIOUS_MOVES = YES;
				CLANG_WARN_UNREACHABLE_CODE = YES;
				CLANG_WARN__DUPLICATE_METHOD_MATCH = YES;
				"CODE_SIGN_IDENTITY[sdk=iphoneos*]" = "iPhone Developer";
				COPY_PHASE_STRIP = NO;
				DEBUG_INFORMATION_FORMAT = "dwarf-with-dsym";
				ENABLE_NS_ASSERTIONS = NO;
				ENABLE_STRICT_OBJC_MSGSEND = YES;
				GCC_C_LANGUAGE_STANDARD = gnu99;
				GCC_NO_COMMON_BLOCKS = YES;
				GCC_WARN_64_TO_32_BIT_CONVERSION = YES;
				GCC_WARN_ABOUT_RETURN_TYPE = YES_ERROR;
				GCC_WARN_UNDECLARED_SELECTOR = YES;
				GCC_WARN_UNINITIALIZED_AUTOS = YES_AGGRESSIVE;
				GCC_WARN_UNUSED_FUNCTION = YES;
				GCC_WARN_UNUSED_VARIABLE = YES;
				IPHONEOS_DEPLOYMENT_TARGET = 10.0;
				MTL_ENABLE_DEBUG_INFO = NO;
				SDKROOT = iphoneos;
				SWIFT_OPTIMIZATION_LEVEL = "-Owholemodule";
				TARGETED_DEVICE_FAMILY = "1,2";
				VALIDATE_PRODUCT = YES;
			};
			name = Release;
		};
		9EAE35A11D6AA3050062A5D7 /* Debug */ = {
			isa = XCBuildConfiguration;
			buildSettings = {
				ASSETCATALOG_COMPILER_APPICON_NAME = AppIcon;
				INFOPLIST_FILE = "Miracle Pills 2/Info.plist";
				LD_RUNPATH_SEARCH_PATHS = "$(inherited) @executable_path/Frameworks";
				PRODUCT_BUNDLE_IDENTIFIER = "com.smythtechnologies.Miracle-Pills-2";
				PRODUCT_NAME = "$(TARGET_NAME)";
				SWIFT_VERSION = 3.0;
			};
			name = Debug;
		};
		9EAE35A21D6AA3050062A5D7 /* Release */ = {
			isa = XCBuildConfiguration;
			buildSettings = {
				ASSETCATALOG_COMPILER_APPICON_NAME = AppIcon;
				INFOPLIST_FILE = "Miracle Pills 2/Info.plist";
				LD_RUNPATH_SEARCH_PATHS = "$(inherited) @executable_path/Frameworks";
				PRODUCT_BUNDLE_IDENTIFIER = "com.smythtechnologies.Miracle-Pills-2";
				PRODUCT_NAME = "$(TARGET_NAME)";
				SWIFT_VERSION = 3.0;
			};
			name = Release;
		};
/* End XCBuildConfiguration section */

/* Begin XCConfigurationList section */
		9EAE35891D6AA3050062A5D7 /* Build configuration list for PBXProject "Miracle Pills 2" */ = {
			isa = XCConfigurationList;
			buildConfigurations = (
				9EAE359E1D6AA3050062A5D7 /* Debug */,
				9EAE359F1D6AA3050062A5D7 /* Release */,
			);
			defaultConfigurationIsVisible = 0;
			defaultConfigurationName = Release;
		};
		9EAE35A01D6AA3050062A5D7 /* Build configuration list for PBXNativeTarget "Miracle Pills 2" */ = {
			isa = XCConfigurationList;
			buildConfigurations = (
				9EAE35A11D6AA3050062A5D7 /* Debug */,
				9EAE35A21D6AA3050062A5D7 /* Release */,
			);
			defaultConfigurationIsVisible = 0;
		};
/* End XCConfigurationList section */
	};
	rootObject = 9EAE35861D6AA3040062A5D7 /* Project object */;
}
